// !$*UTF8*$!
{
	archiveVersion = 1;
	classes = {
	};
	objectVersion = 46;
	objects = {

/* Begin PBXBuildFile section */
		055EB8FF1BC8C3B0007D4952 /* MetaBallFilter.swift in Sources */ = {isa = PBXBuildFile; fileRef = 055EB8FE1BC8C3B0007D4952 /* MetaBallFilter.swift */; settings = {ASSET_TAGS = (); }; };
		0593235D1BCAB6490026C4F9 /* globular.gif in Resources */ = {isa = PBXBuildFile; fileRef = 0593235C1BCAB6490026C4F9 /* globular.gif */; settings = {ASSET_TAGS = (); }; };
		3EEB51081BC791100002D49A /* AppDelegate.swift in Sources */ = {isa = PBXBuildFile; fileRef = 3EEB51071BC791100002D49A /* AppDelegate.swift */; };
		3EEB510A1BC791100002D49A /* ViewController.swift in Sources */ = {isa = PBXBuildFile; fileRef = 3EEB51091BC791100002D49A /* ViewController.swift */; };
		3EEB510D1BC791100002D49A /* Main.storyboard in Resources */ = {isa = PBXBuildFile; fileRef = 3EEB510B1BC791100002D49A /* Main.storyboard */; };
		3EEB510F1BC791100002D49A /* Assets.xcassets in Resources */ = {isa = PBXBuildFile; fileRef = 3EEB510E1BC791100002D49A /* Assets.xcassets */; };
		3EEB51121BC791100002D49A /* LaunchScreen.storyboard in Resources */ = {isa = PBXBuildFile; fileRef = 3EEB51101BC791100002D49A /* LaunchScreen.storyboard */; };
/* End PBXBuildFile section */

/* Begin PBXFileReference section */
		055EB8FE1BC8C3B0007D4952 /* MetaBallFilter.swift */ = {isa = PBXFileReference; fileEncoding = 4; lastKnownFileType = sourcecode.swift; path = MetaBallFilter.swift; sourceTree = "<group>"; };
		0593235C1BCAB6490026C4F9 /* globular.gif */ = {isa = PBXFileReference; lastKnownFileType = image.gif; path = globular.gif; sourceTree = "<group>"; };
		3EEB51041BC791100002D49A /* Globular.app */ = {isa = PBXFileReference; explicitFileType = wrapper.application; includeInIndex = 0; path = Globular.app; sourceTree = BUILT_PRODUCTS_DIR; };
		3EEB51071BC791100002D49A /* AppDelegate.swift */ = {isa = PBXFileReference; lastKnownFileType = sourcecode.swift; path = AppDelegate.swift; sourceTree = "<group>"; };
		3EEB51091BC791100002D49A /* ViewController.swift */ = {isa = PBXFileReference; lastKnownFileType = sourcecode.swift; path = ViewController.swift; sourceTree = "<group>"; };
		3EEB510C1BC791100002D49A /* Base */ = {isa = PBXFileReference; lastKnownFileType = file.storyboard; name = Base; path = Base.lproj/Main.storyboard; sourceTree = "<group>"; };
		3EEB510E1BC791100002D49A /* Assets.xcassets */ = {isa = PBXFileReference; lastKnownFileType = folder.assetcatalog; path = Assets.xcassets; sourceTree = "<group>"; };
		3EEB51111BC791100002D49A /* Base */ = {isa = PBXFileReference; lastKnownFileType = file.storyboard; name = Base; path = Base.lproj/LaunchScreen.storyboard; sourceTree = "<group>"; };
		3EEB51131BC791100002D49A /* Info.plist */ = {isa = PBXFileReference; lastKnownFileType = text.plist.xml; path = Info.plist; sourceTree = "<group>"; };
/* End PBXFileReference section */

/* Begin PBXFrameworksBuildPhase section */
		3EEB51011BC791100002D49A /* Frameworks */ = {
			isa = PBXFrameworksBuildPhase;
			buildActionMask = 2147483647;
			files = (
			);
			runOnlyForDeploymentPostprocessing = 0;
		};
/* End PBXFrameworksBuildPhase section */

/* Begin PBXGroup section */
		3EEB50FB1BC791100002D49A = {
			isa = PBXGroup;
			children = (
				3EEB51061BC791100002D49A /* Globular */,
				3EEB51051BC791100002D49A /* Products */,
			);
			sourceTree = "<group>";
		};
		3EEB51051BC791100002D49A /* Products */ = {
			isa = PBXGroup;
			children = (
				3EEB51041BC791100002D49A /* Globular.app */,
			);
			name = Products;
			sourceTree = "<group>";
		};
		3EEB51061BC791100002D49A /* Globular */ = {
			isa = PBXGroup;
			children = (
				0593235C1BCAB6490026C4F9 /* globular.gif */,
				3EEB51071BC791100002D49A /* AppDelegate.swift */,
				3EEB51091BC791100002D49A /* ViewController.swift */,
				3EEB510B1BC791100002D49A /* Main.storyboard */,
				3EEB510E1BC791100002D49A /* Assets.xcassets */,
				3EEB51101BC791100002D49A /* LaunchScreen.storyboard */,
				3EEB51131BC791100002D49A /* Info.plist */,
				055EB8FE1BC8C3B0007D4952 /* MetaBallFilter.swift */,
			);
			path = Globular;
			sourceTree = "<group>";
		};
/* End PBXGroup section */

/* Begin PBXNativeTarget section */
		3EEB51031BC791100002D49A /* Globular */ = {
			isa = PBXNativeTarget;
			buildConfigurationList = 3EEB51161BC791100002D49A /* Build configuration list for PBXNativeTarget "Globular" */;
			buildPhases = (
				3EEB51001BC791100002D49A /* Sources */,
				3EEB51011BC791100002D49A /* Frameworks */,
				3EEB51021BC791100002D49A /* Resources */,
			);
			buildRules = (
			);
			dependencies = (
			);
			name = Globular;
			productName = Globular;
			productReference = 3EEB51041BC791100002D49A /* Globular.app */;
			productType = "com.apple.product-type.application";
		};
/* End PBXNativeTarget section */

/* Begin PBXProject section */
		3EEB50FC1BC791100002D49A /* Project object */ = {
			isa = PBXProject;
			attributes = {
				LastUpgradeCheck = 0700;
				ORGANIZATIONNAME = "Simon Gladman";
				TargetAttributes = {
					3EEB51031BC791100002D49A = {
						CreatedOnToolsVersion = 7.0;
					};
				};
			};
			buildConfigurationList = 3EEB50FF1BC791100002D49A /* Build configuration list for PBXProject "Globular" */;
			compatibilityVersion = "Xcode 3.2";
			developmentRegion = English;
			hasScannedForEncodings = 0;
			knownRegions = (
				en,
				Base,
			);
			mainGroup = 3EEB50FB1BC791100002D49A;
			productRefGroup = 3EEB51051BC791100002D49A /* Products */;
			projectDirPath = "";
			projectRoot = "";
			targets = (
				3EEB51031BC791100002D49A /* Globular */,
			);
		};
/* End PBXProject section */

/* Begin PBXResourcesBuildPhase section */
		3EEB51021BC791100002D49A /* Resources */ = {
			isa = PBXResourcesBuildPhase;
			buildActionMask = 2147483647;
			files = (
				0593235D1BCAB6490026C4F9 /* globular.gif in Resources */,
				3EEB51121BC791100002D49A /* LaunchScreen.storyboard in Resources */,
				3EEB510F1BC791100002D49A /* Assets.xcassets in Resources */,
				3EEB510D1BC791100002D49A /* Main.storyboard in Resources */,
			);
			runOnlyForDeploymentPostprocessing = 0;
		};
/* End PBXResourcesBuildPhase section */

/* Begin PBXSourcesBuildPhase section */
		3EEB51001BC791100002D49A /* Sources */ = {
			isa = PBXSourcesBuildPhase;
			buildActionMask = 2147483647;
			files = (
				3EEB510A1BC791100002D49A /* ViewController.swift in Sources */,
				055EB8FF1BC8C3B0007D4952 /* MetaBallFilter.swift in Sources */,
				3EEB51081BC791100002D49A /* AppDelegate.swift in Sources */,
			);
			runOnlyForDeploymentPostprocessing = 0;
		};
/* End PBXSourcesBuildPhase section */

/* Begin PBXVariantGroup section */
		3EEB510B1BC791100002D49A /* Main.storyboard */ = {
			isa = PBXVariantGroup;
			children = (
				3EEB510C1BC791100002D49A /* Base */,
			);
			name = Main.storyboard;
			sourceTree = "<group>";
		};
		3EEB51101BC791100002D49A /* LaunchScreen.storyboard */ = {
			isa = PBXVariantGroup;
			children = (
				3EEB51111BC791100002D49A /* Base */,
			);
			name = LaunchScreen.storyboard;
			sourceTree = "<group>";
		};
/* End PBXVariantGroup section */

/* Begin XCBuildConfiguration section */
		3EEB51141BC791100002D49A /* Debug */ = {
			isa = XCBuildConfiguration;
			buildSettings = {
				ALWAYS_SEARCH_USER_PATHS = NO;
				CLANG_CXX_LANGUAGE_STANDARD = "gnu++0x";
				CLANG_CXX_LIBRARY = "libc++";
				CLANG_ENABLE_MODULES = YES;
				CLANG_ENABLE_OBJC_ARC = YES;
				CLANG_WARN_BOOL_CONVERSION = YES;
				CLANG_WARN_CONSTANT_CONVERSION = YES;
				CLANG_WARN_DIRECT_OBJC_ISA_USAGE = YES_ERROR;
				CLANG_WARN_EMPTY_BODY = YES;
				CLANG_WARN_ENUM_CONVERSION = YES;
				CLANG_WARN_INT_CONVERSION = YES;
				CLANG_WARN_OBJC_ROOT_CLASS = YES_ERROR;
				CLANG_WARN_UNREACHABLE_CODE = YES;
				CLANG_WARN__DUPLICATE_METHOD_MATCH = YES;
				"CODE_SIGN_IDENTITY[sdk=iphoneos*]" = "iPhone Developer";
				COPY_PHASE_STRIP = NO;
				DEBUG_INFORMATION_FORMAT = dwarf;
				ENABLE_STRICT_OBJC_MSGSEND = YES;
				ENABLE_TESTABILITY = YES;
				GCC_C_LANGUAGE_STANDARD = gnu99;
				GCC_DYNAMIC_NO_PIC = NO;
				GCC_NO_COMMON_BLOCKS = YES;
				GCC_OPTIMIZATION_LEVEL = 0;
				GCC_PREPROCESSOR_DEFINITIONS = (
					"DEBUG=1",
					"$(inherited)",
				);
				GCC_WARN_64_TO_32_BIT_CONVERSION = YES;
				GCC_WARN_ABOUT_RETURN_TYPE = YES_ERROR;
				GCC_WARN_UNDECLARED_SELECTOR = YES;
				GCC_WARN_UNINITIALIZED_AUTOS = YES_AGGRESSIVE;
				GCC_WARN_UNUSED_FUNCTION = YES;
				GCC_WARN_UNUSED_VARIABLE = YES;
				IPHONEOS_DEPLOYMENT_TARGET = 9.0;
				MTL_ENABLE_DEBUG_INFO = YES;
				ONLY_ACTIVE_ARCH = YES;
				SDKROOT = iphoneos;
				SWIFT_OPTIMIZATION_LEVEL = "-Onone";
				TARGETED_DEVICE_FAMILY = "1,2";
			};
			name = Debug;
		};
		3EEB51151BC791100002D49A /* Release */ = {
			isa = XCBuildConfiguration;
			buildSettings = {
				ALWAYS_SEARCH_USER_PATHS = NO;
				CLANG_CXX_LANGUAGE_STANDARD = "gnu++0x";
				CLANG_CXX_LIBRARY = "libc++";
				CLANG_ENABLE_MODULES = YES;
				CLANG_ENABLE_OBJC_ARC = YES;
				CLANG_WARN_BOOL_CONVERSION = YES;
				CLANG_WARN_CONSTANT_CONVERSION = YES;
				CLANG_WARN_DIRECT_OBJC_ISA_USAGE = YES_ERROR;
				CLANG_WARN_EMPTY_BODY = YES;
				CLANG_WARN_ENUM_CONVERSION = YES;
				CLANG_WARN_INT_CONVERSION = YES;
				CLANG_WARN_OBJC_ROOT_CLASS = YES_ERROR;
				CLANG_WARN_UNREACHABLE_CODE = YES;
				CLANG_WARN__DUPLICATE_METHOD_MATCH = YES;
				"CODE_SIGN_IDENTITY[sdk=iphoneos*]" = "iPhone Developer";
				COPY_PHASE_STRIP = NO;
				DEBUG_INFORMATION_FORMAT = "dwarf-with-dsym";
				ENABLE_NS_ASSERTIONS = NO;
				ENABLE_STRICT_OBJC_MSGSEND = YES;
				GCC_C_LANGUAGE_STANDARD = gnu99;
				GCC_NO_COMMON_BLOCKS = YES;
				GCC_WARN_64_TO_32_BIT_CONVERSION = YES;
				GCC_WARN_ABOUT_RETURN_TYPE = YES_ERROR;
				GCC_WARN_UNDECLARED_SELECTOR = YES;
				GCC_WARN_UNINITIALIZED_AUTOS = YES_AGGRESSIVE;
				GCC_WARN_UNUSED_FUNCTION = YES;
				GCC_WARN_UNUSED_VARIABLE = YES;
				IPHONEOS_DEPLOYMENT_TARGET = 9.0;
				MTL_ENABLE_DEBUG_INFO = NO;
				SDKROOT = iphoneos;
				TARGETED_DEVICE_FAMILY = "1,2";
				VALIDATE_PRODUCT = YES;
			};
			name = Release;
		};
		3EEB51171BC791100002D49A /* Debug */ = {
			isa = XCBuildConfiguration;
			buildSettings = {
				ASSETCATALOG_COMPILER_APPICON_NAME = AppIcon;
				INFOPLIST_FILE = Globular/Info.plist;
				LD_RUNPATH_SEARCH_PATHS = "$(inherited) @executable_path/Frameworks";
				PRODUCT_BUNDLE_IDENTIFIER = uk.co.flexmonkey.Globular;
				PRODUCT_NAME = "$(TARGET_NAME)";
			};
			name = Debug;
		};
		3EEB51181BC791100002D49A /* Release */ = {
			isa = XCBuildConfiguration;
			buildSettings = {
				ASSETCATALOG_COMPILER_APPICON_NAME = AppIcon;
				INFOPLIST_FILE = Globular/Info.plist;
				LD_RUNPATH_SEARCH_PATHS = "$(inherited) @executable_path/Frameworks";
				PRODUCT_BUNDLE_IDENTIFIER = uk.co.flexmonkey.Globular;
				PRODUCT_NAME = "$(TARGET_NAME)";
			};
			name = Release;
		};
/* End XCBuildConfiguration section */

/* Begin XCConfigurationList section */
		3EEB50FF1BC791100002D49A /* Build configuration list for PBXProject "Globular" */ = {
			isa = XCConfigurationList;
			buildConfigurations = (
				3EEB51141BC791100002D49A /* Debug */,
				3EEB51151BC791100002D49A /* Release */,
			);
			defaultConfigurationIsVisible = 0;
			defaultConfigurationName = Release;
		};
		3EEB51161BC791100002D49A /* Build configuration list for PBXNativeTarget "Globular" */ = {
			isa = XCConfigurationList;
			buildConfigurations = (
				3EEB51171BC791100002D49A /* Debug */,
				3EEB51181BC791100002D49A /* Release */,
			);
			defaultConfigurationIsVisible = 0;
			defaultConfigurationName = Release;
		};
/* End XCConfigurationList section */
	};
	rootObject = 3EEB50FC1BC791100002D49A /* Project object */;
}
